
Microsoft Visual Studio Solution File, Format Version 12.00
# Visual Studio Version 16
VisualStudioVersion = 16.0.31515.178
MinimumVisualStudioVersion = 10.0.40219.1
Project("{FAE04EC0-301F-11D3-BF4B-00C04F79EFBC}") = "App_sale_manager", "App_sale_manager\App_sale_manager.csproj", "{2581118A-472A-430E-A44B-4A191D459DF3}"
EndProject
Global
	GlobalSection(SolutionConfigurationPlatforms) = preSolution
		Debug|Any CPU = Debug|Any CPU
		Release|Any CPU = Release|Any CPU
	EndGlobalSection
	GlobalSection(ProjectConfigurationPlatforms) = postSolution
		{2581118A-472A-430E-A44B-4A191D459DF3}.Debug|Any CPU.ActiveCfg = Debug|Any CPU
		{2581118A-472A-430E-A44B-4A191D459DF3}.Debug|Any CPU.Build.0 = Debug|Any CPU
		{2581118A-472A-430E-A44B-4A191D459DF3}.Release|Any CPU.ActiveCfg = Release|Any CPU
		{2581118A-472A-430E-A44B-4A191D459DF3}.Release|Any CPU.Build.0 = Release|Any CPU
	EndGlobalSection
	GlobalSection(SolutionProperties) = preSolution
		HideSolutionNode = FALSE
	EndGlobalSection
	GlobalSection(ExtensibilityGlobals) = postSolution
		SolutionGuid = {B721D530-8EB6-447D-A939-F7A212EBD4D3}
	EndGlobalSection
EndGlobal
