
Microsoft Visual Studio Solution File, Format Version 12.00
# Visual Studio Version 16
VisualStudioVersion = 16.0.31515.178
MinimumVisualStudioVersion = 10.0.40219.1
Project("{FAE04EC0-301F-11D3-BF4B-00C04F79EFBC}") = "interface_sale_manager", "interface_sale_manager\interface_sale_manager.csproj", "{03910C69-112E-4FB5-B37A-7F7A429DC22B}"
EndProject
Global
	GlobalSection(SolutionConfigurationPlatforms) = preSolution
		Debug|Any CPU = Debug|Any CPU
		Release|Any CPU = Release|Any CPU
	EndGlobalSection
	GlobalSection(ProjectConfigurationPlatforms) = postSolution
		{03910C69-112E-4FB5-B37A-7F7A429DC22B}.Debug|Any CPU.ActiveCfg = Debug|Any CPU
		{03910C69-112E-4FB5-B37A-7F7A429DC22B}.Debug|Any CPU.Build.0 = Debug|Any CPU
		{03910C69-112E-4FB5-B37A-7F7A429DC22B}.Release|Any CPU.ActiveCfg = Release|Any CPU
		{03910C69-112E-4FB5-B37A-7F7A429DC22B}.Release|Any CPU.Build.0 = Release|Any CPU
	EndGlobalSection
	GlobalSection(SolutionProperties) = preSolution
		HideSolutionNode = FALSE
	EndGlobalSection
	GlobalSection(ExtensibilityGlobals) = postSolution
		SolutionGuid = {CDBB2D36-B542-4209-8C01-84556B298B53}
	EndGlobalSection
EndGlobal
